// !$*UTF8*$!
{
	archiveVersion = 1;
	classes = {
	};
	objectVersion = 46;
	objects = {

/* Begin PBXBuildFile section */
		57E3C2F41945C676002A9FD2 /* Foundation.framework in Frameworks */ = {isa = PBXBuildFile; fileRef = 57E3C2F31945C676002A9FD2 /* Foundation.framework */; };
		57E3C2F61945C676002A9FD2 /* CoreGraphics.framework in Frameworks */ = {isa = PBXBuildFile; fileRef = 57E3C2F51945C676002A9FD2 /* CoreGraphics.framework */; };
		57E3C2F81945C676002A9FD2 /* UIKit.framework in Frameworks */ = {isa = PBXBuildFile; fileRef = 57E3C2F71945C676002A9FD2 /* UIKit.framework */; };
		57E3C2FE1945C676002A9FD2 /* InfoPlist.strings in Resources */ = {isa = PBXBuildFile; fileRef = 57E3C2FC1945C676002A9FD2 /* InfoPlist.strings */; };
		57E3C3001945C676002A9FD2 /* main.m in Sources */ = {isa = PBXBuildFile; fileRef = 57E3C2FF1945C676002A9FD2 /* main.m */; };
		57E3C3041945C676002A9FD2 /* AppDelegate.m in Sources */ = {isa = PBXBuildFile; fileRef = 57E3C3031945C676002A9FD2 /* AppDelegate.m */; };
		57E3C3071945C676002A9FD2 /* Main_iPhone.storyboard in Resources */ = {isa = PBXBuildFile; fileRef = 57E3C3051945C676002A9FD2 /* Main_iPhone.storyboard */; };
		57E3C30A1945C676002A9FD2 /* Main_iPad.storyboard in Resources */ = {isa = PBXBuildFile; fileRef = 57E3C3081945C676002A9FD2 /* Main_iPad.storyboard */; };
		57E3C30D1945C676002A9FD2 /* ViewController.m in Sources */ = {isa = PBXBuildFile; fileRef = 57E3C30C1945C676002A9FD2 /* ViewController.m */; };
		57E3C30F1945C676002A9FD2 /* Images.xcassets in Resources */ = {isa = PBXBuildFile; fileRef = 57E3C30E1945C676002A9FD2 /* Images.xcassets */; };
		57E3C3161945C676002A9FD2 /* XCTest.framework in Frameworks */ = {isa = PBXBuildFile; fileRef = 57E3C3151945C676002A9FD2 /* XCTest.framework */; };
		57E3C3171945C676002A9FD2 /* Foundation.framework in Frameworks */ = {isa = PBXBuildFile; fileRef = 57E3C2F31945C676002A9FD2 /* Foundation.framework */; };
		57E3C3181945C676002A9FD2 /* UIKit.framework in Frameworks */ = {isa = PBXBuildFile; fileRef = 57E3C2F71945C676002A9FD2 /* UIKit.framework */; };
		57E3C3201945C676002A9FD2 /* InfoPlist.strings in Resources */ = {isa = PBXBuildFile; fileRef = 57E3C31E1945C676002A9FD2 /* InfoPlist.strings */; };
		57E3C3221945C676002A9FD2 /* FirstAppTests.m in Sources */ = {isa = PBXBuildFile; fileRef = 57E3C3211945C676002A9FD2 /* FirstAppTests.m */; };
		57E3C3301945C68B002A9FD2 /* Foundation.framework in Frameworks */ = {isa = PBXBuildFile; fileRef = 57E3C2F31945C676002A9FD2 /* Foundation.framework */; };
		57E3C3311945C68B002A9FD2 /* CoreGraphics.framework in Frameworks */ = {isa = PBXBuildFile; fileRef = 57E3C2F51945C676002A9FD2 /* CoreGraphics.framework */; };
		57E3C3321945C68B002A9FD2 /* UIKit.framework in Frameworks */ = {isa = PBXBuildFile; fileRef = 57E3C2F71945C676002A9FD2 /* UIKit.framework */; };
		57E3C3381945C68B002A9FD2 /* InfoPlist.strings in Resources */ = {isa = PBXBuildFile; fileRef = 57E3C3361945C68B002A9FD2 /* InfoPlist.strings */; };
		57E3C33A1945C68B002A9FD2 /* main.m in Sources */ = {isa = PBXBuildFile; fileRef = 57E3C3391945C68B002A9FD2 /* main.m */; };
		57E3C33E1945C68B002A9FD2 /* AppDelegate.m in Sources */ = {isa = PBXBuildFile; fileRef = 57E3C33D1945C68B002A9FD2 /* AppDelegate.m */; };
		57E3C3411945C68B002A9FD2 /* Main_iPhone.storyboard in Resources */ = {isa = PBXBuildFile; fileRef = 57E3C33F1945C68B002A9FD2 /* Main_iPhone.storyboard */; };
		57E3C3441945C68B002A9FD2 /* Main_iPad.storyboard in Resources */ = {isa = PBXBuildFile; fileRef = 57E3C3421945C68B002A9FD2 /* Main_iPad.storyboard */; };
		57E3C3471945C68B002A9FD2 /* FirstViewController.m in Sources */ = {isa = PBXBuildFile; fileRef = 57E3C3461945C68B002A9FD2 /* FirstViewController.m */; };
		57E3C34A1945C68B002A9FD2 /* SecondViewController.m in Sources */ = {isa = PBXBuildFile; fileRef = 57E3C3491945C68B002A9FD2 /* SecondViewController.m */; };
		57E3C34C1945C68B002A9FD2 /* Images.xcassets in Resources */ = {isa = PBXBuildFile; fileRef = 57E3C34B1945C68B002A9FD2 /* Images.xcassets */; };
		57E3C3521945C68B002A9FD2 /* XCTest.framework in Frameworks */ = {isa = PBXBuildFile; fileRef = 57E3C3151945C676002A9FD2 /* XCTest.framework */; };
		57E3C3531945C68B002A9FD2 /* Foundation.framework in Frameworks */ = {isa = PBXBuildFile; fileRef = 57E3C2F31945C676002A9FD2 /* Foundation.framework */; };
		57E3C3541945C68B002A9FD2 /* UIKit.framework in Frameworks */ = {isa = PBXBuildFile; fileRef = 57E3C2F71945C676002A9FD2 /* UIKit.framework */; };
		57E3C35C1945C68B002A9FD2 /* InfoPlist.strings in Resources */ = {isa = PBXBuildFile; fileRef = 57E3C35A1945C68B002A9FD2 /* InfoPlist.strings */; };
		57E3C35E1945C68B002A9FD2 /* TimerAppTests.m in Sources */ = {isa = PBXBuildFile; fileRef = 57E3C35D1945C68B002A9FD2 /* TimerAppTests.m */; };
/* End PBXBuildFile section */

/* Begin PBXContainerItemProxy section */
		57E3C3191945C676002A9FD2 /* PBXContainerItemProxy */ = {
			isa = PBXContainerItemProxy;
			containerPortal = 57E3C2E81945C676002A9FD2 /* Project object */;
			proxyType = 1;
			remoteGlobalIDString = 57E3C2EF1945C676002A9FD2;
			remoteInfo = FirstApp;
		};
		57E3C3551945C68B002A9FD2 /* PBXContainerItemProxy */ = {
			isa = PBXContainerItemProxy;
			containerPortal = 57E3C2E81945C676002A9FD2 /* Project object */;
			proxyType = 1;
			remoteGlobalIDString = 57E3C32E1945C68B002A9FD2;
			remoteInfo = TimerApp;
		};
/* End PBXContainerItemProxy section */

/* Begin PBXFileReference section */
		57E3C2F01945C676002A9FD2 /* FirstApp.app */ = {isa = PBXFileReference; explicitFileType = wrapper.application; includeInIndex = 0; path = FirstApp.app; sourceTree = BUILT_PRODUCTS_DIR; };
		57E3C2F31945C676002A9FD2 /* Foundation.framework */ = {isa = PBXFileReference; lastKnownFileType = wrapper.framework; name = Foundation.framework; path = System/Library/Frameworks/Foundation.framework; sourceTree = SDKROOT; };
		57E3C2F51945C676002A9FD2 /* CoreGraphics.framework */ = {isa = PBXFileReference; lastKnownFileType = wrapper.framework; name = CoreGraphics.framework; path = System/Library/Frameworks/CoreGraphics.framework; sourceTree = SDKROOT; };
		57E3C2F71945C676002A9FD2 /* UIKit.framework */ = {isa = PBXFileReference; lastKnownFileType = wrapper.framework; name = UIKit.framework; path = System/Library/Frameworks/UIKit.framework; sourceTree = SDKROOT; };
		57E3C2FB1945C676002A9FD2 /* FirstApp-Info.plist */ = {isa = PBXFileReference; lastKnownFileType = text.plist.xml; path = "FirstApp-Info.plist"; sourceTree = "<group>"; };
		57E3C2FD1945C676002A9FD2 /* en */ = {isa = PBXFileReference; lastKnownFileType = text.plist.strings; name = en; path = en.lproj/InfoPlist.strings; sourceTree = "<group>"; };
		57E3C2FF1945C676002A9FD2 /* main.m */ = {isa = PBXFileReference; lastKnownFileType = sourcecode.c.objc; path = main.m; sourceTree = "<group>"; };
		57E3C3011945C676002A9FD2 /* FirstApp-Prefix.pch */ = {isa = PBXFileReference; lastKnownFileType = sourcecode.c.h; path = "FirstApp-Prefix.pch"; sourceTree = "<group>"; };
		57E3C3021945C676002A9FD2 /* AppDelegate.h */ = {isa = PBXFileReference; lastKnownFileType = sourcecode.c.h; path = AppDelegate.h; sourceTree = "<group>"; };
		57E3C3031945C676002A9FD2 /* AppDelegate.m */ = {isa = PBXFileReference; lastKnownFileType = sourcecode.c.objc; path = AppDelegate.m; sourceTree = "<group>"; };
		57E3C3061945C676002A9FD2 /* Base */ = {isa = PBXFileReference; lastKnownFileType = file.storyboard; name = Base; path = Base.lproj/Main_iPhone.storyboard; sourceTree = "<group>"; };
		57E3C3091945C676002A9FD2 /* Base */ = {isa = PBXFileReference; lastKnownFileType = file.storyboard; name = Base; path = Base.lproj/Main_iPad.storyboard; sourceTree = "<group>"; };
		57E3C30B1945C676002A9FD2 /* ViewController.h */ = {isa = PBXFileReference; lastKnownFileType = sourcecode.c.h; path = ViewController.h; sourceTree = "<group>"; };
		57E3C30C1945C676002A9FD2 /* ViewController.m */ = {isa = PBXFileReference; lastKnownFileType = sourcecode.c.objc; path = ViewController.m; sourceTree = "<group>"; };
		57E3C30E1945C676002A9FD2 /* Images.xcassets */ = {isa = PBXFileReference; lastKnownFileType = folder.assetcatalog; path = Images.xcassets; sourceTree = "<group>"; };
		57E3C3141945C676002A9FD2 /* FirstAppTests.xctest */ = {isa = PBXFileReference; explicitFileType = wrapper.cfbundle; includeInIndex = 0; path = FirstAppTests.xctest; sourceTree = BUILT_PRODUCTS_DIR; };
		57E3C3151945C676002A9FD2 /* XCTest.framework */ = {isa = PBXFileReference; lastKnownFileType = wrapper.framework; name = XCTest.framework; path = Library/Frameworks/XCTest.framework; sourceTree = DEVELOPER_DIR; };
		57E3C31D1945C676002A9FD2 /* FirstAppTests-Info.plist */ = {isa = PBXFileReference; lastKnownFileType = text.plist.xml; path = "FirstAppTests-Info.plist"; sourceTree = "<group>"; };
		57E3C31F1945C676002A9FD2 /* en */ = {isa = PBXFileReference; lastKnownFileType = text.plist.strings; name = en; path = en.lproj/InfoPlist.strings; sourceTree = "<group>"; };
		57E3C3211945C676002A9FD2 /* FirstAppTests.m */ = {isa = PBXFileReference; lastKnownFileType = sourcecode.c.objc; path = FirstAppTests.m; sourceTree = "<group>"; };
		57E3C32F1945C68B002A9FD2 /* TimerApp.app */ = {isa = PBXFileReference; explicitFileType = wrapper.application; includeInIndex = 0; path = TimerApp.app; sourceTree = BUILT_PRODUCTS_DIR; };
		57E3C3351945C68B002A9FD2 /* TimerApp-Info.plist */ = {isa = PBXFileReference; lastKnownFileType = text.plist.xml; path = "TimerApp-Info.plist"; sourceTree = "<group>"; };
		57E3C3371945C68B002A9FD2 /* en */ = {isa = PBXFileReference; lastKnownFileType = text.plist.strings; name = en; path = en.lproj/InfoPlist.strings; sourceTree = "<group>"; };
		57E3C3391945C68B002A9FD2 /* main.m */ = {isa = PBXFileReference; lastKnownFileType = sourcecode.c.objc; path = main.m; sourceTree = "<group>"; };
		57E3C33B1945C68B002A9FD2 /* TimerApp-Prefix.pch */ = {isa = PBXFileReference; lastKnownFileType = sourcecode.c.h; path = "TimerApp-Prefix.pch"; sourceTree = "<group>"; };
		57E3C33C1945C68B002A9FD2 /* AppDelegate.h */ = {isa = PBXFileReference; lastKnownFileType = sourcecode.c.h; path = AppDelegate.h; sourceTree = "<group>"; };
		57E3C33D1945C68B002A9FD2 /* AppDelegate.m */ = {isa = PBXFileReference; lastKnownFileType = sourcecode.c.objc; path = AppDelegate.m; sourceTree = "<group>"; };
		57E3C3401945C68B002A9FD2 /* Base */ = {isa = PBXFileReference; lastKnownFileType = file.storyboard; name = Base; path = Base.lproj/Main_iPhone.storyboard; sourceTree = "<group>"; };
		57E3C3431945C68B002A9FD2 /* Base */ = {isa = PBXFileReference; lastKnownFileType = file.storyboard; name = Base; path = Base.lproj/Main_iPad.storyboard; sourceTree = "<group>"; };
		57E3C3451945C68B002A9FD2 /* FirstViewController.h */ = {isa = PBXFileReference; lastKnownFileType = sourcecode.c.h; path = FirstViewController.h; sourceTree = "<group>"; };
		57E3C3461945C68B002A9FD2 /* FirstViewController.m */ = {isa = PBXFileReference; lastKnownFileType = sourcecode.c.objc; path = FirstViewController.m; sourceTree = "<group>"; };
		57E3C3481945C68B002A9FD2 /* SecondViewController.h */ = {isa = PBXFileReference; lastKnownFileType = sourcecode.c.h; path = SecondViewController.h; sourceTree = "<group>"; };
		57E3C3491945C68B002A9FD2 /* SecondViewController.m */ = {isa = PBXFileReference; lastKnownFileType = sourcecode.c.objc; path = SecondViewController.m; sourceTree = "<group>"; };
		57E3C34B1945C68B002A9FD2 /* Images.xcassets */ = {isa = PBXFileReference; lastKnownFileType = folder.assetcatalog; path = Images.xcassets; sourceTree = "<group>"; };
		57E3C3511945C68B002A9FD2 /* TimerAppTests.xctest */ = {isa = PBXFileReference; explicitFileType = wrapper.cfbundle; includeInIndex = 0; path = TimerAppTests.xctest; sourceTree = BUILT_PRODUCTS_DIR; };
		57E3C3591945C68B002A9FD2 /* TimerAppTests-Info.plist */ = {isa = PBXFileReference; lastKnownFileType = text.plist.xml; path = "TimerAppTests-Info.plist"; sourceTree = "<group>"; };
		57E3C35B1945C68B002A9FD2 /* en */ = {isa = PBXFileReference; lastKnownFileType = text.plist.strings; name = en; path = en.lproj/InfoPlist.strings; sourceTree = "<group>"; };
		57E3C35D1945C68B002A9FD2 /* TimerAppTests.m */ = {isa = PBXFileReference; lastKnownFileType = sourcecode.c.objc; path = TimerAppTests.m; sourceTree = "<group>"; };
/* End PBXFileReference section */

/* Begin PBXFrameworksBuildPhase section */
		57E3C2ED1945C676002A9FD2 /* Frameworks */ = {
			isa = PBXFrameworksBuildPhase;
			buildActionMask = 2147483647;
			files = (
				57E3C2F61945C676002A9FD2 /* CoreGraphics.framework in Frameworks */,
				57E3C2F81945C676002A9FD2 /* UIKit.framework in Frameworks */,
				57E3C2F41945C676002A9FD2 /* Foundation.framework in Frameworks */,
			);
			runOnlyForDeploymentPostprocessing = 0;
		};
		57E3C3111945C676002A9FD2 /* Frameworks */ = {
			isa = PBXFrameworksBuildPhase;
			buildActionMask = 2147483647;
			files = (
				57E3C3161945C676002A9FD2 /* XCTest.framework in Frameworks */,
				57E3C3181945C676002A9FD2 /* UIKit.framework in Frameworks */,
				57E3C3171945C676002A9FD2 /* Foundation.framework in Frameworks */,
			);
			runOnlyForDeploymentPostprocessing = 0;
		};
		57E3C32C1945C68B002A9FD2 /* Frameworks */ = {
			isa = PBXFrameworksBuildPhase;
			buildActionMask = 2147483647;
			files = (
				57E3C3311945C68B002A9FD2 /* CoreGraphics.framework in Frameworks */,
				57E3C3321945C68B002A9FD2 /* UIKit.framework in Frameworks */,
				57E3C3301945C68B002A9FD2 /* Foundation.framework in Frameworks */,
			);
			runOnlyForDeploymentPostprocessing = 0;
		};
		57E3C34E1945C68B002A9FD2 /* Frameworks */ = {
			isa = PBXFrameworksBuildPhase;
			buildActionMask = 2147483647;
			files = (
				57E3C3521945C68B002A9FD2 /* XCTest.framework in Frameworks */,
				57E3C3541945C68B002A9FD2 /* UIKit.framework in Frameworks */,
				57E3C3531945C68B002A9FD2 /* Foundation.framework in Frameworks */,
			);
			runOnlyForDeploymentPostprocessing = 0;
		};
/* End PBXFrameworksBuildPhase section */

/* Begin PBXGroup section */
		57E3C2E71945C676002A9FD2 = {
			isa = PBXGroup;
			children = (
				57E3C2F91945C676002A9FD2 /* FirstApp */,
				57E3C31B1945C676002A9FD2 /* FirstAppTests */,
				57E3C3331945C68B002A9FD2 /* TimerApp */,
				57E3C3571945C68B002A9FD2 /* TimerAppTests */,
				57E3C2F21945C676002A9FD2 /* Frameworks */,
				57E3C2F11945C676002A9FD2 /* Products */,
			);
			sourceTree = "<group>";
		};
		57E3C2F11945C676002A9FD2 /* Products */ = {
			isa = PBXGroup;
			children = (
				57E3C2F01945C676002A9FD2 /* FirstApp.app */,
				57E3C3141945C676002A9FD2 /* FirstAppTests.xctest */,
				57E3C32F1945C68B002A9FD2 /* TimerApp.app */,
				57E3C3511945C68B002A9FD2 /* TimerAppTests.xctest */,
			);
			name = Products;
			sourceTree = "<group>";
		};
		57E3C2F21945C676002A9FD2 /* Frameworks */ = {
			isa = PBXGroup;
			children = (
				57E3C2F31945C676002A9FD2 /* Foundation.framework */,
				57E3C2F51945C676002A9FD2 /* CoreGraphics.framework */,
				57E3C2F71945C676002A9FD2 /* UIKit.framework */,
				57E3C3151945C676002A9FD2 /* XCTest.framework */,
			);
			name = Frameworks;
			sourceTree = "<group>";
		};
		57E3C2F91945C676002A9FD2 /* FirstApp */ = {
			isa = PBXGroup;
			children = (
				57E3C3021945C676002A9FD2 /* AppDelegate.h */,
				57E3C3031945C676002A9FD2 /* AppDelegate.m */,
				57E3C3051945C676002A9FD2 /* Main_iPhone.storyboard */,
				57E3C3081945C676002A9FD2 /* Main_iPad.storyboard */,
				57E3C30B1945C676002A9FD2 /* ViewController.h */,
				57E3C30C1945C676002A9FD2 /* ViewController.m */,
				57E3C30E1945C676002A9FD2 /* Images.xcassets */,
				57E3C2FA1945C676002A9FD2 /* Supporting Files */,
			);
			path = FirstApp;
			sourceTree = "<group>";
		};
		57E3C2FA1945C676002A9FD2 /* Supporting Files */ = {
			isa = PBXGroup;
			children = (
				57E3C2FB1945C676002A9FD2 /* FirstApp-Info.plist */,
				57E3C2FC1945C676002A9FD2 /* InfoPlist.strings */,
				57E3C2FF1945C676002A9FD2 /* main.m */,
				57E3C3011945C676002A9FD2 /* FirstApp-Prefix.pch */,
			);
			name = "Supporting Files";
			sourceTree = "<group>";
		};
		57E3C31B1945C676002A9FD2 /* FirstAppTests */ = {
			isa = PBXGroup;
			children = (
				57E3C3211945C676002A9FD2 /* FirstAppTests.m */,
				57E3C31C1945C676002A9FD2 /* Supporting Files */,
			);
			path = FirstAppTests;
			sourceTree = "<group>";
		};
		57E3C31C1945C676002A9FD2 /* Supporting Files */ = {
			isa = PBXGroup;
			children = (
				57E3C31D1945C676002A9FD2 /* FirstAppTests-Info.plist */,
				57E3C31E1945C676002A9FD2 /* InfoPlist.strings */,
			);
			name = "Supporting Files";
			sourceTree = "<group>";
		};
		57E3C3331945C68B002A9FD2 /* TimerApp */ = {
			isa = PBXGroup;
			children = (
				57E3C33C1945C68B002A9FD2 /* AppDelegate.h */,
				57E3C33D1945C68B002A9FD2 /* AppDelegate.m */,
				57E3C33F1945C68B002A9FD2 /* Main_iPhone.storyboard */,
				57E3C3421945C68B002A9FD2 /* Main_iPad.storyboard */,
				57E3C3451945C68B002A9FD2 /* FirstViewController.h */,
				57E3C3461945C68B002A9FD2 /* FirstViewController.m */,
				57E3C3481945C68B002A9FD2 /* SecondViewController.h */,
				57E3C3491945C68B002A9FD2 /* SecondViewController.m */,
				57E3C34B1945C68B002A9FD2 /* Images.xcassets */,
				57E3C3341945C68B002A9FD2 /* Supporting Files */,
			);
			path = TimerApp;
			sourceTree = "<group>";
		};
		57E3C3341945C68B002A9FD2 /* Supporting Files */ = {
			isa = PBXGroup;
			children = (
				57E3C3351945C68B002A9FD2 /* TimerApp-Info.plist */,
				57E3C3361945C68B002A9FD2 /* InfoPlist.strings */,
				57E3C3391945C68B002A9FD2 /* main.m */,
				57E3C33B1945C68B002A9FD2 /* TimerApp-Prefix.pch */,
			);
			name = "Supporting Files";
			sourceTree = "<group>";
		};
		57E3C3571945C68B002A9FD2 /* TimerAppTests */ = {
			isa = PBXGroup;
			children = (
				57E3C35D1945C68B002A9FD2 /* TimerAppTests.m */,
				57E3C3581945C68B002A9FD2 /* Supporting Files */,
			);
			path = TimerAppTests;
			sourceTree = "<group>";
		};
		57E3C3581945C68B002A9FD2 /* Supporting Files */ = {
			isa = PBXGroup;
			children = (
				57E3C3591945C68B002A9FD2 /* TimerAppTests-Info.plist */,
				57E3C35A1945C68B002A9FD2 /* InfoPlist.strings */,
			);
			name = "Supporting Files";
			sourceTree = "<group>";
		};
/* End PBXGroup section */

/* Begin PBXNativeTarget section */
		57E3C2EF1945C676002A9FD2 /* FirstApp */ = {
			isa = PBXNativeTarget;
			buildConfigurationList = 57E3C3251945C676002A9FD2 /* Build configuration list for PBXNativeTarget "FirstApp" */;
			buildPhases = (
				57E3C2EC1945C676002A9FD2 /* Sources */,
				57E3C2ED1945C676002A9FD2 /* Frameworks */,
				57E3C2EE1945C676002A9FD2 /* Resources */,
			);
			buildRules = (
			);
			dependencies = (
			);
			name = FirstApp;
			productName = FirstApp;
			productReference = 57E3C2F01945C676002A9FD2 /* FirstApp.app */;
			productType = "com.apple.product-type.application";
		};
		57E3C3131945C676002A9FD2 /* FirstAppTests */ = {
			isa = PBXNativeTarget;
			buildConfigurationList = 57E3C3281945C676002A9FD2 /* Build configuration list for PBXNativeTarget "FirstAppTests" */;
			buildPhases = (
				57E3C3101945C676002A9FD2 /* Sources */,
				57E3C3111945C676002A9FD2 /* Frameworks */,
				57E3C3121945C676002A9FD2 /* Resources */,
			);
			buildRules = (
			);
			dependencies = (
				57E3C31A1945C676002A9FD2 /* PBXTargetDependency */,
			);
			name = FirstAppTests;
			productName = FirstAppTests;
			productReference = 57E3C3141945C676002A9FD2 /* FirstAppTests.xctest */;
			productType = "com.apple.product-type.bundle.unit-test";
		};
		57E3C32E1945C68B002A9FD2 /* TimerApp */ = {
			isa = PBXNativeTarget;
			buildConfigurationList = 57E3C35F1945C68B002A9FD2 /* Build configuration list for PBXNativeTarget "TimerApp" */;
			buildPhases = (
				57E3C32B1945C68B002A9FD2 /* Sources */,
				57E3C32C1945C68B002A9FD2 /* Frameworks */,
				57E3C32D1945C68B002A9FD2 /* Resources */,
			);
			buildRules = (
			);
			dependencies = (
			);
			name = TimerApp;
			productName = TimerApp;
			productReference = 57E3C32F1945C68B002A9FD2 /* TimerApp.app */;
			productType = "com.apple.product-type.application";
		};
		57E3C3501945C68B002A9FD2 /* TimerAppTests */ = {
			isa = PBXNativeTarget;
			buildConfigurationList = 57E3C3621945C68B002A9FD2 /* Build configuration list for PBXNativeTarget "TimerAppTests" */;
			buildPhases = (
				57E3C34D1945C68B002A9FD2 /* Sources */,
				57E3C34E1945C68B002A9FD2 /* Frameworks */,
				57E3C34F1945C68B002A9FD2 /* Resources */,
			);
			buildRules = (
			);
			dependencies = (
				57E3C3561945C68B002A9FD2 /* PBXTargetDependency */,
			);
			name = TimerAppTests;
			productName = TimerAppTests;
			productReference = 57E3C3511945C68B002A9FD2 /* TimerAppTests.xctest */;
			productType = "com.apple.product-type.bundle.unit-test";
		};
/* End PBXNativeTarget section */

/* Begin PBXProject section */
		57E3C2E81945C676002A9FD2 /* Project object */ = {
			isa = PBXProject;
			attributes = {
				LastUpgradeCheck = 0510;
				ORGANIZATIONNAME = baum;
				TargetAttributes = {
					57E3C3131945C676002A9FD2 = {
						TestTargetID = 57E3C2EF1945C676002A9FD2;
					};
					57E3C3501945C68B002A9FD2 = {
						TestTargetID = 57E3C2EF1945C676002A9FD2;
					};
				};
			};
			buildConfigurationList = 57E3C2EB1945C676002A9FD2 /* Build configuration list for PBXProject "FirstApp" */;
			compatibilityVersion = "Xcode 3.2";
			developmentRegion = English;
			hasScannedForEncodings = 0;
			knownRegions = (
				en,
				Base,
			);
			mainGroup = 57E3C2E71945C676002A9FD2;
			productRefGroup = 57E3C2F11945C676002A9FD2 /* Products */;
			projectDirPath = "";
			projectRoot = "";
			targets = (
				57E3C2EF1945C676002A9FD2 /* FirstApp */,
				57E3C3131945C676002A9FD2 /* FirstAppTests */,
				57E3C32E1945C68B002A9FD2 /* TimerApp */,
				57E3C3501945C68B002A9FD2 /* TimerAppTests */,
			);
		};
/* End PBXProject section */

/* Begin PBXResourcesBuildPhase section */
		57E3C2EE1945C676002A9FD2 /* Resources */ = {
			isa = PBXResourcesBuildPhase;
			buildActionMask = 2147483647;
			files = (
				57E3C30A1945C676002A9FD2 /* Main_iPad.storyboard in Resources */,
				57E3C30F1945C676002A9FD2 /* Images.xcassets in Resources */,
				57E3C3071945C676002A9FD2 /* Main_iPhone.storyboard in Resources */,
				57E3C2FE1945C676002A9FD2 /* InfoPlist.strings in Resources */,
			);
			runOnlyForDeploymentPostprocessing = 0;
		};
		57E3C3121945C676002A9FD2 /* Resources */ = {
			isa = PBXResourcesBuildPhase;
			buildActionMask = 2147483647;
			files = (
				57E3C3201945C676002A9FD2 /* InfoPlist.strings in Resources */,
			);
			runOnlyForDeploymentPostprocessing = 0;
		};
		57E3C32D1945C68B002A9FD2 /* Resources */ = {
			isa = PBXResourcesBuildPhase;
			buildActionMask = 2147483647;
			files = (
				57E3C3441945C68B002A9FD2 /* Main_iPad.storyboard in Resources */,
				57E3C34C1945C68B002A9FD2 /* Images.xcassets in Resources */,
				57E3C3411945C68B002A9FD2 /* Main_iPhone.storyboard in Resources */,
				57E3C3381945C68B002A9FD2 /* InfoPlist.strings in Resources */,
			);
			runOnlyForDeploymentPostprocessing = 0;
		};
		57E3C34F1945C68B002A9FD2 /* Resources */ = {
			isa = PBXResourcesBuildPhase;
			buildActionMask = 2147483647;
			files = (
				57E3C35C1945C68B002A9FD2 /* InfoPlist.strings in Resources */,
			);
			runOnlyForDeploymentPostprocessing = 0;
		};
/* End PBXResourcesBuildPhase section */

/* Begin PBXSourcesBuildPhase section */
		57E3C2EC1945C676002A9FD2 /* Sources */ = {
			isa = PBXSourcesBuildPhase;
			buildActionMask = 2147483647;
			files = (
				57E3C30D1945C676002A9FD2 /* ViewController.m in Sources */,
				57E3C3041945C676002A9FD2 /* AppDelegate.m in Sources */,
				57E3C3001945C676002A9FD2 /* main.m in Sources */,
			);
			runOnlyForDeploymentPostprocessing = 0;
		};
		57E3C3101945C676002A9FD2 /* Sources */ = {
			isa = PBXSourcesBuildPhase;
			buildActionMask = 2147483647;
			files = (
				57E3C3221945C676002A9FD2 /* FirstAppTests.m in Sources */,
			);
			runOnlyForDeploymentPostprocessing = 0;
		};
		57E3C32B1945C68B002A9FD2 /* Sources */ = {
			isa = PBXSourcesBuildPhase;
			buildActionMask = 2147483647;
			files = (
				57E3C34A1945C68B002A9FD2 /* SecondViewController.m in Sources */,
				57E3C33E1945C68B002A9FD2 /* AppDelegate.m in Sources */,
				57E3C3471945C68B002A9FD2 /* FirstViewController.m in Sources */,
				57E3C33A1945C68B002A9FD2 /* main.m in Sources */,
			);
			runOnlyForDeploymentPostprocessing = 0;
		};
		57E3C34D1945C68B002A9FD2 /* Sources */ = {
			isa = PBXSourcesBuildPhase;
			buildActionMask = 2147483647;
			files = (
				57E3C35E1945C68B002A9FD2 /* TimerAppTests.m in Sources */,
			);
			runOnlyForDeploymentPostprocessing = 0;
		};
/* End PBXSourcesBuildPhase section */

/* Begin PBXTargetDependency section */
		57E3C31A1945C676002A9FD2 /* PBXTargetDependency */ = {
			isa = PBXTargetDependency;
			target = 57E3C2EF1945C676002A9FD2 /* FirstApp */;
			targetProxy = 57E3C3191945C676002A9FD2 /* PBXContainerItemProxy */;
		};
		57E3C3561945C68B002A9FD2 /* PBXTargetDependency */ = {
			isa = PBXTargetDependency;
			target = 57E3C32E1945C68B002A9FD2 /* TimerApp */;
			targetProxy = 57E3C3551945C68B002A9FD2 /* PBXContainerItemProxy */;
		};
/* End PBXTargetDependency section */

/* Begin PBXVariantGroup section */
		57E3C2FC1945C676002A9FD2 /* InfoPlist.strings */ = {
			isa = PBXVariantGroup;
			children = (
				57E3C2FD1945C676002A9FD2 /* en */,
			);
			name = InfoPlist.strings;
			sourceTree = "<group>";
		};
		57E3C3051945C676002A9FD2 /* Main_iPhone.storyboard */ = {
			isa = PBXVariantGroup;
			children = (
				57E3C3061945C676002A9FD2 /* Base */,
			);
			name = Main_iPhone.storyboard;
			sourceTree = "<group>";
		};
		57E3C3081945C676002A9FD2 /* Main_iPad.storyboard */ = {
			isa = PBXVariantGroup;
			children = (
				57E3C3091945C676002A9FD2 /* Base */,
			);
			name = Main_iPad.storyboard;
			sourceTree = "<group>";
		};
		57E3C31E1945C676002A9FD2 /* InfoPlist.strings */ = {
			isa = PBXVariantGroup;
			children = (
				57E3C31F1945C676002A9FD2 /* en */,
			);
			name = InfoPlist.strings;
			sourceTree = "<group>";
		};
		57E3C3361945C68B002A9FD2 /* InfoPlist.strings */ = {
			isa = PBXVariantGroup;
			children = (
				57E3C3371945C68B002A9FD2 /* en */,
			);
			name = InfoPlist.strings;
			sourceTree = "<group>";
		};
		57E3C33F1945C68B002A9FD2 /* Main_iPhone.storyboard */ = {
			isa = PBXVariantGroup;
			children = (
				57E3C3401945C68B002A9FD2 /* Base */,
			);
			name = Main_iPhone.storyboard;
			sourceTree = "<group>";
		};
		57E3C3421945C68B002A9FD2 /* Main_iPad.storyboard */ = {
			isa = PBXVariantGroup;
			children = (
				57E3C3431945C68B002A9FD2 /* Base */,
			);
			name = Main_iPad.storyboard;
			sourceTree = "<group>";
		};
		57E3C35A1945C68B002A9FD2 /* InfoPlist.strings */ = {
			isa = PBXVariantGroup;
			children = (
				57E3C35B1945C68B002A9FD2 /* en */,
			);
			name = InfoPlist.strings;
			sourceTree = "<group>";
		};
/* End PBXVariantGroup section */

/* Begin XCBuildConfiguration section */
		57E3C3231945C676002A9FD2 /* Debug */ = {
			isa = XCBuildConfiguration;
			buildSettings = {
				ALWAYS_SEARCH_USER_PATHS = NO;
				CLANG_CXX_LANGUAGE_STANDARD = "gnu++0x";
				CLANG_CXX_LIBRARY = "libc++";
				CLANG_ENABLE_MODULES = YES;
				CLANG_ENABLE_OBJC_ARC = YES;
				CLANG_WARN_BOOL_CONVERSION = YES;
				CLANG_WARN_CONSTANT_CONVERSION = YES;
				CLANG_WARN_DIRECT_OBJC_ISA_USAGE = YES_ERROR;
				CLANG_WARN_EMPTY_BODY = YES;
				CLANG_WARN_ENUM_CONVERSION = YES;
				CLANG_WARN_INT_CONVERSION = YES;
				CLANG_WARN_OBJC_ROOT_CLASS = YES_ERROR;
				CLANG_WARN__DUPLICATE_METHOD_MATCH = YES;
				"CODE_SIGN_IDENTITY[sdk=iphoneos*]" = "iPhone Developer";
				COPY_PHASE_STRIP = NO;
				GCC_C_LANGUAGE_STANDARD = gnu99;
				GCC_DYNAMIC_NO_PIC = NO;
				GCC_OPTIMIZATION_LEVEL = 0;
				GCC_PREPROCESSOR_DEFINITIONS = (
					"DEBUG=1",
					"$(inherited)",
				);
				GCC_SYMBOLS_PRIVATE_EXTERN = NO;
				GCC_WARN_64_TO_32_BIT_CONVERSION = YES;
				GCC_WARN_ABOUT_RETURN_TYPE = YES_ERROR;
				GCC_WARN_UNDECLARED_SELECTOR = YES;
				GCC_WARN_UNINITIALIZED_AUTOS = YES_AGGRESSIVE;
				GCC_WARN_UNUSED_FUNCTION = YES;
				GCC_WARN_UNUSED_VARIABLE = YES;
				IPHONEOS_DEPLOYMENT_TARGET = 7.1;
				ONLY_ACTIVE_ARCH = YES;
				SDKROOT = iphoneos;
				TARGETED_DEVICE_FAMILY = "1,2";
			};
			name = Debug;
		};
		57E3C3241945C676002A9FD2 /* Release */ = {
			isa = XCBuildConfiguration;
			buildSettings = {
				ALWAYS_SEARCH_USER_PATHS = NO;
				CLANG_CXX_LANGUAGE_STANDARD = "gnu++0x";
				CLANG_CXX_LIBRARY = "libc++";
				CLANG_ENABLE_MODULES = YES;
				CLANG_ENABLE_OBJC_ARC = YES;
				CLANG_WARN_BOOL_CONVERSION = YES;
				CLANG_WARN_CONSTANT_CONVERSION = YES;
				CLANG_WARN_DIRECT_OBJC_ISA_USAGE = YES_ERROR;
				CLANG_WARN_EMPTY_BODY = YES;
				CLANG_WARN_ENUM_CONVERSION = YES;
				CLANG_WARN_INT_CONVERSION = YES;
				CLANG_WARN_OBJC_ROOT_CLASS = YES_ERROR;
				CLANG_WARN__DUPLICATE_METHOD_MATCH = YES;
				"CODE_SIGN_IDENTITY[sdk=iphoneos*]" = "iPhone Developer";
				COPY_PHASE_STRIP = YES;
				ENABLE_NS_ASSERTIONS = NO;
				GCC_C_LANGUAGE_STANDARD = gnu99;
				GCC_WARN_64_TO_32_BIT_CONVERSION = YES;
				GCC_WARN_ABOUT_RETURN_TYPE = YES_ERROR;
				GCC_WARN_UNDECLARED_SELECTOR = YES;
				GCC_WARN_UNINITIALIZED_AUTOS = YES_AGGRESSIVE;
				GCC_WARN_UNUSED_FUNCTION = YES;
				GCC_WARN_UNUSED_VARIABLE = YES;
				IPHONEOS_DEPLOYMENT_TARGET = 7.1;
				SDKROOT = iphoneos;
				TARGETED_DEVICE_FAMILY = "1,2";
				VALIDATE_PRODUCT = YES;
			};
			name = Release;
		};
		57E3C3261945C676002A9FD2 /* Debug */ = {
			isa = XCBuildConfiguration;
			buildSettings = {
				ASSETCATALOG_COMPILER_APPICON_NAME = AppIcon;
				ASSETCATALOG_COMPILER_LAUNCHIMAGE_NAME = LaunchImage;
				GCC_PRECOMPILE_PREFIX_HEADER = YES;
				GCC_PREFIX_HEADER = "FirstApp/FirstApp-Prefix.pch";
				INFOPLIST_FILE = "FirstApp/FirstApp-Info.plist";
				PRODUCT_NAME = "$(TARGET_NAME)";
				WRAPPER_EXTENSION = app;
			};
			name = Debug;
		};
		57E3C3271945C676002A9FD2 /* Release */ = {
			isa = XCBuildConfiguration;
			buildSettings = {
				ASSETCATALOG_COMPILER_APPICON_NAME = AppIcon;
				ASSETCATALOG_COMPILER_LAUNCHIMAGE_NAME = LaunchImage;
				GCC_PRECOMPILE_PREFIX_HEADER = YES;
				GCC_PREFIX_HEADER = "FirstApp/FirstApp-Prefix.pch";
				INFOPLIST_FILE = "FirstApp/FirstApp-Info.plist";
				PRODUCT_NAME = "$(TARGET_NAME)";
				WRAPPER_EXTENSION = app;
			};
			name = Release;
		};
		57E3C3291945C676002A9FD2 /* Debug */ = {
			isa = XCBuildConfiguration;
			buildSettings = {
				BUNDLE_LOADER = "$(BUILT_PRODUCTS_DIR)/FirstApp.app/FirstApp";
				FRAMEWORK_SEARCH_PATHS = (
					"$(SDKROOT)/Developer/Library/Frameworks",
					"$(inherited)",
					"$(DEVELOPER_FRAMEWORKS_DIR)",
				);
				GCC_PRECOMPILE_PREFIX_HEADER = YES;
				GCC_PREFIX_HEADER = "FirstApp/FirstApp-Prefix.pch";
				GCC_PREPROCESSOR_DEFINITIONS = (
					"DEBUG=1",
					"$(inherited)",
				);
				INFOPLIST_FILE = "FirstAppTests/FirstAppTests-Info.plist";
				PRODUCT_NAME = "$(TARGET_NAME)";
				TEST_HOST = "$(BUNDLE_LOADER)";
				WRAPPER_EXTENSION = xctest;
			};
			name = Debug;
		};
		57E3C32A1945C676002A9FD2 /* Release */ = {
			isa = XCBuildConfiguration;
			buildSettings = {
				BUNDLE_LOADER = "$(BUILT_PRODUCTS_DIR)/FirstApp.app/FirstApp";
				FRAMEWORK_SEARCH_PATHS = (
					"$(SDKROOT)/Developer/Library/Frameworks",
					"$(inherited)",
					"$(DEVELOPER_FRAMEWORKS_DIR)",
				);
				GCC_PRECOMPILE_PREFIX_HEADER = YES;
				GCC_PREFIX_HEADER = "FirstApp/FirstApp-Prefix.pch";
				INFOPLIST_FILE = "FirstAppTests/FirstAppTests-Info.plist";
				PRODUCT_NAME = "$(TARGET_NAME)";
				TEST_HOST = "$(BUNDLE_LOADER)";
				WRAPPER_EXTENSION = xctest;
			};
			name = Release;
		};
		57E3C3601945C68B002A9FD2 /* Debug */ = {
			isa = XCBuildConfiguration;
			buildSettings = {
				ASSETCATALOG_COMPILER_APPICON_NAME = AppIcon;
				ASSETCATALOG_COMPILER_LAUNCHIMAGE_NAME = LaunchImage;
				GCC_PRECOMPILE_PREFIX_HEADER = YES;
				GCC_PREFIX_HEADER = "TimerApp/TimerApp-Prefix.pch";
				GCC_PREPROCESSOR_DEFINITIONS = (
					"DEBUG=1",
					"$(inherited)",
				);
				INFOPLIST_FILE = "TimerApp/TimerApp-Info.plist";
				PRODUCT_NAME = "$(TARGET_NAME)";
				WRAPPER_EXTENSION = app;
			};
			name = Debug;
		};
		57E3C3611945C68B002A9FD2 /* Release */ = {
			isa = XCBuildConfiguration;
			buildSettings = {
				ASSETCATALOG_COMPILER_APPICON_NAME = AppIcon;
				ASSETCATALOG_COMPILER_LAUNCHIMAGE_NAME = LaunchImage;
				GCC_PRECOMPILE_PREFIX_HEADER = YES;
				GCC_PREFIX_HEADER = "TimerApp/TimerApp-Prefix.pch";
				INFOPLIST_FILE = "TimerApp/TimerApp-Info.plist";
				PRODUCT_NAME = "$(TARGET_NAME)";
				WRAPPER_EXTENSION = app;
			};
			name = Release;
		};
		57E3C3631945C68B002A9FD2 /* Debug */ = {
			isa = XCBuildConfiguration;
			buildSettings = {
				BUNDLE_LOADER = "$(BUILT_PRODUCTS_DIR)/FirstApp.app/FirstApp";
				FRAMEWORK_SEARCH_PATHS = (
					"$(SDKROOT)/Developer/Library/Frameworks",
					"$(inherited)",
					"$(DEVELOPER_FRAMEWORKS_DIR)",
				);
				GCC_PRECOMPILE_PREFIX_HEADER = YES;
				GCC_PREFIX_HEADER = "TimerApp/TimerApp-Prefix.pch";
				GCC_PREPROCESSOR_DEFINITIONS = (
					"DEBUG=1",
					"$(inherited)",
				);
				INFOPLIST_FILE = "TimerAppTests/TimerAppTests-Info.plist";
				PRODUCT_NAME = "$(TARGET_NAME)";
				TEST_HOST = "$(BUNDLE_LOADER)";
				WRAPPER_EXTENSION = xctest;
			};
			name = Debug;
		};
		57E3C3641945C68B002A9FD2 /* Release */ = {
			isa = XCBuildConfiguration;
			buildSettings = {
				BUNDLE_LOADER = "$(BUILT_PRODUCTS_DIR)/FirstApp.app/FirstApp";
				FRAMEWORK_SEARCH_PATHS = (
					"$(SDKROOT)/Developer/Library/Frameworks",
					"$(inherited)",
					"$(DEVELOPER_FRAMEWORKS_DIR)",
				);
				GCC_PRECOMPILE_PREFIX_HEADER = YES;
				GCC_PREFIX_HEADER = "TimerApp/TimerApp-Prefix.pch";
				INFOPLIST_FILE = "TimerAppTests/TimerAppTests-Info.plist";
				PRODUCT_NAME = "$(TARGET_NAME)";
				TEST_HOST = "$(BUNDLE_LOADER)";
				WRAPPER_EXTENSION = xctest;
			};
			name = Release;
		};
/* End XCBuildConfiguration section */

/* Begin XCConfigurationList section */
		57E3C2EB1945C676002A9FD2 /* Build configuration list for PBXProject "FirstApp" */ = {
			isa = XCConfigurationList;
			buildConfigurations = (
				57E3C3231945C676002A9FD2 /* Debug */,
				57E3C3241945C676002A9FD2 /* Release */,
			);
			defaultConfigurationIsVisible = 0;
			defaultConfigurationName = Release;
		};
		57E3C3251945C676002A9FD2 /* Build configuration list for PBXNativeTarget "FirstApp" */ = {
			isa = XCConfigurationList;
			buildConfigurations = (
				57E3C3261945C676002A9FD2 /* Debug */,
				57E3C3271945C676002A9FD2 /* Release */,
			);
			defaultConfigurationIsVisible = 0;
		};
		57E3C3281945C676002A9FD2 /* Build configuration list for PBXNativeTarget "FirstAppTests" */ = {
			isa = XCConfigurationList;
			buildConfigurations = (
				57E3C3291945C676002A9FD2 /* Debug */,
				57E3C32A1945C676002A9FD2 /* Release */,
			);
			defaultConfigurationIsVisible = 0;
		};
		57E3C35F1945C68B002A9FD2 /* Build configuration list for PBXNativeTarget "TimerApp" */ = {
			isa = XCConfigurationList;
			buildConfigurations = (
				57E3C3601945C68B002A9FD2 /* Debug */,
				57E3C3611945C68B002A9FD2 /* Release */,
			);
			defaultConfigurationIsVisible = 0;
		};
		57E3C3621945C68B002A9FD2 /* Build configuration list for PBXNativeTarget "TimerAppTests" */ = {
			isa = XCConfigurationList;
			buildConfigurations = (
				57E3C3631945C68B002A9FD2 /* Debug */,
				57E3C3641945C68B002A9FD2 /* Release */,
			);
			defaultConfigurationIsVisible = 0;
		};
/* End XCConfigurationList section */
	};
	rootObject = 57E3C2E81945C676002A9FD2 /* Project object */;
}
